
Microsoft Visual Studio Solution File, Format Version 12.00
# Visual Studio 15
VisualStudioVersion = 15.0.27130.2010
MinimumVisualStudioVersion = 10.0.40219.1
Project("{9A19103F-16F7-4668-BE54-9A1E7A4F7556}") = "rpminfo", "rpminfo\rpminfo.csproj", "{29DFD191-918C-47FF-B291-EA4441092DE1}"
EndProject
Project("{9A19103F-16F7-4668-BE54-9A1E7A4F7556}") = "packmanager", "packmanager\packmanager.csproj", "{4F73EB55-7079-4DE7-BE2C-A4EE506F2F0A}"
EndProject
Project("{FAE04EC0-301F-11D3-BF4B-00C04F79EFBC}") = "Rpm.Library", "Rpm.Library\Rpm.Library.csproj", "{457E2797-F291-41DF-AC07-D78451B662E2}"
EndProject
Project("{FAE04EC0-301F-11D3-BF4B-00C04F79EFBC}") = "rpm2gz", "rpm2gz\rpm2gz.csproj", "{96920CE0-3E39-461C-B3DD-9AB7947FAE7C}"
EndProject
Global
	GlobalSection(SolutionConfigurationPlatforms) = preSolution
		Debug|Any CPU = Debug|Any CPU
		Release|Any CPU = Release|Any CPU
	EndGlobalSection
	GlobalSection(ProjectConfigurationPlatforms) = postSolution
		{29DFD191-918C-47FF-B291-EA4441092DE1}.Debug|Any CPU.ActiveCfg = Debug|Any CPU
		{29DFD191-918C-47FF-B291-EA4441092DE1}.Debug|Any CPU.Build.0 = Debug|Any CPU
		{29DFD191-918C-47FF-B291-EA4441092DE1}.Release|Any CPU.ActiveCfg = Release|Any CPU
		{29DFD191-918C-47FF-B291-EA4441092DE1}.Release|Any CPU.Build.0 = Release|Any CPU
		{4F73EB55-7079-4DE7-BE2C-A4EE506F2F0A}.Debug|Any CPU.ActiveCfg = Debug|Any CPU
		{4F73EB55-7079-4DE7-BE2C-A4EE506F2F0A}.Debug|Any CPU.Build.0 = Debug|Any CPU
		{4F73EB55-7079-4DE7-BE2C-A4EE506F2F0A}.Release|Any CPU.ActiveCfg = Release|Any CPU
		{4F73EB55-7079-4DE7-BE2C-A4EE506F2F0A}.Release|Any CPU.Build.0 = Release|Any CPU
		{457E2797-F291-41DF-AC07-D78451B662E2}.Debug|Any CPU.ActiveCfg = Debug|Any CPU
		{457E2797-F291-41DF-AC07-D78451B662E2}.Debug|Any CPU.Build.0 = Debug|Any CPU
		{457E2797-F291-41DF-AC07-D78451B662E2}.Release|Any CPU.ActiveCfg = Release|Any CPU
		{457E2797-F291-41DF-AC07-D78451B662E2}.Release|Any CPU.Build.0 = Release|Any CPU
		{96920CE0-3E39-461C-B3DD-9AB7947FAE7C}.Debug|Any CPU.ActiveCfg = Debug|Any CPU
		{96920CE0-3E39-461C-B3DD-9AB7947FAE7C}.Debug|Any CPU.Build.0 = Debug|Any CPU
		{96920CE0-3E39-461C-B3DD-9AB7947FAE7C}.Release|Any CPU.ActiveCfg = Release|Any CPU
		{96920CE0-3E39-461C-B3DD-9AB7947FAE7C}.Release|Any CPU.Build.0 = Release|Any CPU
	EndGlobalSection
	GlobalSection(SolutionProperties) = preSolution
		HideSolutionNode = FALSE
	EndGlobalSection
	GlobalSection(ExtensibilityGlobals) = postSolution
		SolutionGuid = {15E38DBB-F93A-43F5-BA24-07BA069D31B4}
	EndGlobalSection
EndGlobal
